PODS:
  - AWSAuthCore (2.13.1):
    - AWSCore (= 2.13.1)
  - AWSAuthUI (2.13.1):
    - AWSAuthCore (= 2.13.1)
    - AWSCore (= 2.13.1)
  - AWSCognitoIdentityProvider (2.13.1):
    - AWSCognitoIdentityProviderASF (= 1.0.1)
    - AWSCore (= 2.13.1)
  - AWSCognitoIdentityProviderASF (1.0.1)
  - AWSCore (2.13.1)
  - AWSMobileClient (2.13.1):
    - AWSAuthCore (= 2.13.1)
    - AWSCognitoIdentityProvider (= 2.13.1)
  - AWSUserPoolsSignIn (2.13.1):
    - AWSAuthCore (= 2.13.1)
    - AWSCognitoIdentityProvider (= 2.13.1)

DEPENDENCIES:
  - AWSAuthUI
  - AWSMobileClient
  - AWSUserPoolsSignIn

SPEC REPOS:
  trunk:
    - AWSAuthCore
    - AWSAuthUI
    - AWSCognitoIdentityProvider
    - AWSCognitoIdentityProviderASF
    - AWSCore
    - AWSMobileClient
    - AWSUserPoolsSignIn

SPEC CHECKSUMS:
  AWSAuthCore: c15735eb14cccf2a26e371e3a6a841d613d411ef
  AWSAuthUI: d61165c5dfb9ad342a51991253c80f417a82fb9e
  AWSCognitoIdentityProvider: 78f240befbd2e47a8e644946a9dd19812b0e5044
  AWSCognitoIdentityProviderASF: f94f1a502e72ef3d0a1de93e10bf7a79c8698118
  AWSCore: ec394695d054fa4136b20ccd22d8901faea5de04
  AWSMobileClient: 8aede2dc1b0760709a2c02465e2b0c286b7cd00b
  AWSUserPoolsSignIn: 136d2dcd545d46246ec2f1308d728824f131e629

PODFILE CHECKSUM: e5f1144114c1c28b14db90f266891c5f28161104

COCOAPODS: 1.9.1
